
Microsoft Visual Studio Solution File, Format Version 12.00
# Visual Studio 15
VisualStudioVersion = 15.0.26124.0
MinimumVisualStudioVersion = 15.0.26124.0
Project("{FAE04EC0-301F-11D3-BF4B-00C04F79EFBC}") = "Din91379", "Din91379\Din91379.csproj", "{C30A0E37-5F64-4526-B6F9-404FCBB90D79}"
EndProject
Project("{FAE04EC0-301F-11D3-BF4B-00C04F79EFBC}") = "Din91379Tests", "Din91379Tests\Din91379Tests.csproj", "{9AF7BF8C-A176-4831-9329-5F341D932926}"
EndProject
Project("{FAE04EC0-301F-11D3-BF4B-00C04F79EFBC}") = "Din91379Benchmarks", "Din91379Benchmarks\Din91379Benchmarks.csproj", "{F474F921-E94F-4074-BCC6-1D406BB52E87}"
EndProject
Global
	GlobalSection(SolutionConfigurationPlatforms) = preSolution
		Debug|Any CPU = Debug|Any CPU
		Debug|x64 = Debug|x64
		Debug|x86 = Debug|x86
		Release|Any CPU = Release|Any CPU
		Release|x64 = Release|x64
		Release|x86 = Release|x86
	EndGlobalSection
	GlobalSection(SolutionProperties) = preSolution
		HideSolutionNode = FALSE
	EndGlobalSection
	GlobalSection(ProjectConfigurationPlatforms) = postSolution
		{C30A0E37-5F64-4526-B6F9-404FCBB90D79}.Debug|Any CPU.ActiveCfg = Debug|Any CPU
		{C30A0E37-5F64-4526-B6F9-404FCBB90D79}.Debug|Any CPU.Build.0 = Debug|Any CPU
		{C30A0E37-5F64-4526-B6F9-404FCBB90D79}.Debug|x64.ActiveCfg = Debug|Any CPU
		{C30A0E37-5F64-4526-B6F9-404FCBB90D79}.Debug|x64.Build.0 = Debug|Any CPU
		{C30A0E37-5F64-4526-B6F9-404FCBB90D79}.Debug|x86.ActiveCfg = Debug|Any CPU
		{C30A0E37-5F64-4526-B6F9-404FCBB90D79}.Debug|x86.Build.0 = Debug|Any CPU
		{C30A0E37-5F64-4526-B6F9-404FCBB90D79}.Release|Any CPU.ActiveCfg = Release|Any CPU
		{C30A0E37-5F64-4526-B6F9-404FCBB90D79}.Release|Any CPU.Build.0 = Release|Any CPU
		{C30A0E37-5F64-4526-B6F9-404FCBB90D79}.Release|x64.ActiveCfg = Release|Any CPU
		{C30A0E37-5F64-4526-B6F9-404FCBB90D79}.Release|x64.Build.0 = Release|Any CPU
		{C30A0E37-5F64-4526-B6F9-404FCBB90D79}.Release|x86.ActiveCfg = Release|Any CPU
		{C30A0E37-5F64-4526-B6F9-404FCBB90D79}.Release|x86.Build.0 = Release|Any CPU
		{9AF7BF8C-A176-4831-9329-5F341D932926}.Debug|Any CPU.ActiveCfg = Debug|Any CPU
		{9AF7BF8C-A176-4831-9329-5F341D932926}.Debug|Any CPU.Build.0 = Debug|Any CPU
		{9AF7BF8C-A176-4831-9329-5F341D932926}.Debug|x64.ActiveCfg = Debug|Any CPU
		{9AF7BF8C-A176-4831-9329-5F341D932926}.Debug|x64.Build.0 = Debug|Any CPU
		{9AF7BF8C-A176-4831-9329-5F341D932926}.Debug|x86.ActiveCfg = Debug|Any CPU
		{9AF7BF8C-A176-4831-9329-5F341D932926}.Debug|x86.Build.0 = Debug|Any CPU
		{9AF7BF8C-A176-4831-9329-5F341D932926}.Release|Any CPU.ActiveCfg = Release|Any CPU
		{9AF7BF8C-A176-4831-9329-5F341D932926}.Release|Any CPU.Build.0 = Release|Any CPU
		{9AF7BF8C-A176-4831-9329-5F341D932926}.Release|x64.ActiveCfg = Release|Any CPU
		{9AF7BF8C-A176-4831-9329-5F341D932926}.Release|x64.Build.0 = Release|Any CPU
		{9AF7BF8C-A176-4831-9329-5F341D932926}.Release|x86.ActiveCfg = Release|Any CPU
		{9AF7BF8C-A176-4831-9329-5F341D932926}.Release|x86.Build.0 = Release|Any CPU
		{F474F921-E94F-4074-BCC6-1D406BB52E87}.Debug|Any CPU.ActiveCfg = Debug|Any CPU
		{F474F921-E94F-4074-BCC6-1D406BB52E87}.Debug|Any CPU.Build.0 = Debug|Any CPU
		{F474F921-E94F-4074-BCC6-1D406BB52E87}.Debug|x64.ActiveCfg = Debug|Any CPU
		{F474F921-E94F-4074-BCC6-1D406BB52E87}.Debug|x64.Build.0 = Debug|Any CPU
		{F474F921-E94F-4074-BCC6-1D406BB52E87}.Debug|x86.ActiveCfg = Debug|Any CPU
		{F474F921-E94F-4074-BCC6-1D406BB52E87}.Debug|x86.Build.0 = Debug|Any CPU
		{F474F921-E94F-4074-BCC6-1D406BB52E87}.Release|Any CPU.ActiveCfg = Release|Any CPU
		{F474F921-E94F-4074-BCC6-1D406BB52E87}.Release|Any CPU.Build.0 = Release|Any CPU
		{F474F921-E94F-4074-BCC6-1D406BB52E87}.Release|x64.ActiveCfg = Release|Any CPU
		{F474F921-E94F-4074-BCC6-1D406BB52E87}.Release|x64.Build.0 = Release|Any CPU
		{F474F921-E94F-4074-BCC6-1D406BB52E87}.Release|x86.ActiveCfg = Release|Any CPU
		{F474F921-E94F-4074-BCC6-1D406BB52E87}.Release|x86.Build.0 = Release|Any CPU
	EndGlobalSection
EndGlobal
